
Microsoft Visual Studio Solution File, Format Version 12.00
# Visual Studio 2012
Project("{FAE04EC0-301F-11D3-BF4B-00C04F79EFBC}") = "MensErgerJeNiet", "MensErgerJeNiet\MensErgerJeNiet.csproj", "{E8413D5E-F8B7-4548-BB72-7477FCAFC574}"
EndProject
Project("{F088123C-0E9E-452A-89E6-6BA2F21D5CAC}") = "MensErgerJeNietUML", "MensErgerJeNietUML\MensErgerJeNietUML.modelproj", "{45A43026-98E4-45C7-B78B-C96FA4A019C0}"
EndProject
Global
	GlobalSection(SolutionConfigurationPlatforms) = preSolution
		Debug|Any CPU = Debug|Any CPU
		Release|Any CPU = Release|Any CPU
	EndGlobalSection
	GlobalSection(ProjectConfigurationPlatforms) = postSolution
		{E8413D5E-F8B7-4548-BB72-7477FCAFC574}.Debug|Any CPU.ActiveCfg = Debug|Any CPU
		{E8413D5E-F8B7-4548-BB72-7477FCAFC574}.Debug|Any CPU.Build.0 = Debug|Any CPU
		{E8413D5E-F8B7-4548-BB72-7477FCAFC574}.Release|Any CPU.ActiveCfg = Release|Any CPU
		{E8413D5E-F8B7-4548-BB72-7477FCAFC574}.Release|Any CPU.Build.0 = Release|Any CPU
		{45A43026-98E4-45C7-B78B-C96FA4A019C0}.Debug|Any CPU.ActiveCfg = Debug|Any CPU
		{45A43026-98E4-45C7-B78B-C96FA4A019C0}.Debug|Any CPU.Build.0 = Debug|Any CPU
		{45A43026-98E4-45C7-B78B-C96FA4A019C0}.Release|Any CPU.ActiveCfg = Release|Any CPU
		{45A43026-98E4-45C7-B78B-C96FA4A019C0}.Release|Any CPU.Build.0 = Release|Any CPU
	EndGlobalSection
	GlobalSection(SolutionProperties) = preSolution
		HideSolutionNode = FALSE
	EndGlobalSection
EndGlobal
